
Microsoft Visual Studio Solution File, Format Version 12.00
# Visual Studio Version 17
VisualStudioVersion = 17.5.33627.172
MinimumVisualStudioVersion = 10.0.40219.1
Project("{9A19103F-16F7-4668-BE54-9A1E7A4F7556}") = "Server", "Server\Server.csproj", "{F9C54CE5-4E5C-4576-8F33-CD7A63E7B6FD}"
EndProject
Project("{9A19103F-16F7-4668-BE54-9A1E7A4F7556}") = "Client", "Client\Client.csproj", "{C2769740-83D1-4628-AFAA-EB1D22625F82}"
EndProject
Project("{9A19103F-16F7-4668-BE54-9A1E7A4F7556}") = "myHttp", "myHttp\myHttp.csproj", "{103C3583-E67C-4767-B64B-3BBF4821CBC4}"
EndProject
Project("{9A19103F-16F7-4668-BE54-9A1E7A4F7556}") = "myHttpClient", "myHttpClient\myHttpClient.csproj", "{61BA0E8E-293F-4CF5-8222-FF8A451DF92F}"
EndProject
Project("{9A19103F-16F7-4668-BE54-9A1E7A4F7556}") = "MyFtр", "MyFtр\MyFtр.csproj", "{E480CA69-8B64-4789-8D9D-3381BBED68E1}"
EndProject
Project("{9A19103F-16F7-4668-BE54-9A1E7A4F7556}") = "MySmtp", "MySmtp\MySmtp.csproj", "{7EF428FB-7A22-42AE-81D4-5AB281A4FAE3}"
EndProject
Project("{FAE04EC0-301F-11D3-BF4B-00C04F79EFBC}") = "ClientFile", "ClientFile\ClientFile.csproj", "{A78628C1-E3BD-4172-BE17-C1FF8FD90AFC}"
EndProject
Project("{FAE04EC0-301F-11D3-BF4B-00C04F79EFBC}") = "ServerFile", "ServerFile\ServerFile.csproj", "{7F7EB1BD-C84F-4BDE-AD48-E6F2082B7DE0}"
EndProject
Project("{FAE04EC0-301F-11D3-BF4B-00C04F79EFBC}") = "Exam", "Exam\Exam.csproj", "{751135FC-764C-4323-A37C-73C20ABABF25}"
EndProject
Global
	GlobalSection(SolutionConfigurationPlatforms) = preSolution
		Debug|Any CPU = Debug|Any CPU
		Release|Any CPU = Release|Any CPU
	EndGlobalSection
	GlobalSection(ProjectConfigurationPlatforms) = postSolution
		{F9C54CE5-4E5C-4576-8F33-CD7A63E7B6FD}.Debug|Any CPU.ActiveCfg = Debug|Any CPU
		{F9C54CE5-4E5C-4576-8F33-CD7A63E7B6FD}.Debug|Any CPU.Build.0 = Debug|Any CPU
		{F9C54CE5-4E5C-4576-8F33-CD7A63E7B6FD}.Release|Any CPU.ActiveCfg = Release|Any CPU
		{F9C54CE5-4E5C-4576-8F33-CD7A63E7B6FD}.Release|Any CPU.Build.0 = Release|Any CPU
		{C2769740-83D1-4628-AFAA-EB1D22625F82}.Debug|Any CPU.ActiveCfg = Debug|Any CPU
		{C2769740-83D1-4628-AFAA-EB1D22625F82}.Debug|Any CPU.Build.0 = Debug|Any CPU
		{C2769740-83D1-4628-AFAA-EB1D22625F82}.Release|Any CPU.ActiveCfg = Release|Any CPU
		{C2769740-83D1-4628-AFAA-EB1D22625F82}.Release|Any CPU.Build.0 = Release|Any CPU
		{103C3583-E67C-4767-B64B-3BBF4821CBC4}.Debug|Any CPU.ActiveCfg = Debug|Any CPU
		{103C3583-E67C-4767-B64B-3BBF4821CBC4}.Debug|Any CPU.Build.0 = Debug|Any CPU
		{103C3583-E67C-4767-B64B-3BBF4821CBC4}.Release|Any CPU.ActiveCfg = Release|Any CPU
		{103C3583-E67C-4767-B64B-3BBF4821CBC4}.Release|Any CPU.Build.0 = Release|Any CPU
		{61BA0E8E-293F-4CF5-8222-FF8A451DF92F}.Debug|Any CPU.ActiveCfg = Debug|Any CPU
		{61BA0E8E-293F-4CF5-8222-FF8A451DF92F}.Debug|Any CPU.Build.0 = Debug|Any CPU
		{61BA0E8E-293F-4CF5-8222-FF8A451DF92F}.Release|Any CPU.ActiveCfg = Release|Any CPU
		{61BA0E8E-293F-4CF5-8222-FF8A451DF92F}.Release|Any CPU.Build.0 = Release|Any CPU
		{E480CA69-8B64-4789-8D9D-3381BBED68E1}.Debug|Any CPU.ActiveCfg = Debug|Any CPU
		{E480CA69-8B64-4789-8D9D-3381BBED68E1}.Debug|Any CPU.Build.0 = Debug|Any CPU
		{E480CA69-8B64-4789-8D9D-3381BBED68E1}.Release|Any CPU.ActiveCfg = Release|Any CPU
		{E480CA69-8B64-4789-8D9D-3381BBED68E1}.Release|Any CPU.Build.0 = Release|Any CPU
		{7EF428FB-7A22-42AE-81D4-5AB281A4FAE3}.Debug|Any CPU.ActiveCfg = Debug|Any CPU
		{7EF428FB-7A22-42AE-81D4-5AB281A4FAE3}.Debug|Any CPU.Build.0 = Debug|Any CPU
		{7EF428FB-7A22-42AE-81D4-5AB281A4FAE3}.Release|Any CPU.ActiveCfg = Release|Any CPU
		{7EF428FB-7A22-42AE-81D4-5AB281A4FAE3}.Release|Any CPU.Build.0 = Release|Any CPU
		{A78628C1-E3BD-4172-BE17-C1FF8FD90AFC}.Debug|Any CPU.ActiveCfg = Debug|Any CPU
		{A78628C1-E3BD-4172-BE17-C1FF8FD90AFC}.Debug|Any CPU.Build.0 = Debug|Any CPU
		{A78628C1-E3BD-4172-BE17-C1FF8FD90AFC}.Release|Any CPU.ActiveCfg = Release|Any CPU
		{A78628C1-E3BD-4172-BE17-C1FF8FD90AFC}.Release|Any CPU.Build.0 = Release|Any CPU
		{7F7EB1BD-C84F-4BDE-AD48-E6F2082B7DE0}.Debug|Any CPU.ActiveCfg = Debug|Any CPU
		{7F7EB1BD-C84F-4BDE-AD48-E6F2082B7DE0}.Debug|Any CPU.Build.0 = Debug|Any CPU
		{7F7EB1BD-C84F-4BDE-AD48-E6F2082B7DE0}.Release|Any CPU.ActiveCfg = Release|Any CPU
		{7F7EB1BD-C84F-4BDE-AD48-E6F2082B7DE0}.Release|Any CPU.Build.0 = Release|Any CPU
		{751135FC-764C-4323-A37C-73C20ABABF25}.Debug|Any CPU.ActiveCfg = Debug|Any CPU
		{751135FC-764C-4323-A37C-73C20ABABF25}.Debug|Any CPU.Build.0 = Debug|Any CPU
		{751135FC-764C-4323-A37C-73C20ABABF25}.Release|Any CPU.ActiveCfg = Release|Any CPU
		{751135FC-764C-4323-A37C-73C20ABABF25}.Release|Any CPU.Build.0 = Release|Any CPU
	EndGlobalSection
	GlobalSection(SolutionProperties) = preSolution
		HideSolutionNode = FALSE
	EndGlobalSection
	GlobalSection(ExtensibilityGlobals) = postSolution
		SolutionGuid = {671E5B3B-3ED7-4EE2-9F84-33C248985AD9}
	EndGlobalSection
EndGlobal
